
Microsoft Visual Studio Solution File, Format Version 12.00
# Visual Studio Version 17
VisualStudioVersion = 17.11.35312.102
MinimumVisualStudioVersion = 10.0.40219.1
Project("{FAE04EC0-301F-11D3-BF4B-00C04F79EFBC}") = "MyLibrary", "MyLibrary\MyLibrary.csproj", "{5DE4E512-F65F-4942-90D7-607C2E02EB9C}"
EndProject
Project("{FAE04EC0-301F-11D3-BF4B-00C04F79EFBC}") = "ConsoleApp", "ConsoleApp\ConsoleApp.csproj", "{EAC6C509-1651-452D-AD8E-B7A0AC9D6AB1}"
EndProject
Global
	GlobalSection(SolutionConfigurationPlatforms) = preSolution
		Debug|Any CPU = Debug|Any CPU
		Release|Any CPU = Release|Any CPU
	EndGlobalSection
	GlobalSection(ProjectConfigurationPlatforms) = postSolution
		{5DE4E512-F65F-4942-90D7-607C2E02EB9C}.Debug|Any CPU.ActiveCfg = Debug|Any CPU
		{5DE4E512-F65F-4942-90D7-607C2E02EB9C}.Debug|Any CPU.Build.0 = Debug|Any CPU
		{5DE4E512-F65F-4942-90D7-607C2E02EB9C}.Release|Any CPU.ActiveCfg = Release|Any CPU
		{5DE4E512-F65F-4942-90D7-607C2E02EB9C}.Release|Any CPU.Build.0 = Release|Any CPU
		{EAC6C509-1651-452D-AD8E-B7A0AC9D6AB1}.Debug|Any CPU.ActiveCfg = Debug|Any CPU
		{EAC6C509-1651-452D-AD8E-B7A0AC9D6AB1}.Debug|Any CPU.Build.0 = Debug|Any CPU
		{EAC6C509-1651-452D-AD8E-B7A0AC9D6AB1}.Release|Any CPU.ActiveCfg = Release|Any CPU
		{EAC6C509-1651-452D-AD8E-B7A0AC9D6AB1}.Release|Any CPU.Build.0 = Release|Any CPU
	EndGlobalSection
	GlobalSection(SolutionProperties) = preSolution
		HideSolutionNode = FALSE
	EndGlobalSection
	GlobalSection(ExtensibilityGlobals) = postSolution
		SolutionGuid = {5ED6B08D-C9C2-4F51-9067-C6F066A29B8C}
	EndGlobalSection
EndGlobal
